Microsoft Visual Studio Solution File, Format Version 12.00
# Visual Studio Version 17
VisualStudioVersion = 17.5.2.0
MinimumVisualStudioVersion = 10.0.40219.1
Project("{FAE04EC0-301F-11D3-BF4B-00C04F79EFBC}") = "BookingRoomCampus", "BookingRoomCampus.csproj", "{B8732333-24FB-394F-8A6E-F888480EADD6}"
EndProject
Global
	GlobalSection(SolutionConfigurationPlatforms) = preSolution
		Debug|Any CPU = Debug|Any CPU
		Release|Any CPU = Release|Any CPU
	EndGlobalSection
	GlobalSection(ProjectConfigurationPlatforms) = postSolution
		{B8732333-24FB-394F-8A6E-F888480EADD6}.Debug|Any CPU.ActiveCfg = Debug|Any CPU
		{B8732333-24FB-394F-8A6E-F888480EADD6}.Debug|Any CPU.Build.0 = Debug|Any CPU
		{B8732333-24FB-394F-8A6E-F888480EADD6}.Release|Any CPU.ActiveCfg = Release|Any CPU
		{B8732333-24FB-394F-8A6E-F888480EADD6}.Release|Any CPU.Build.0 = Release|Any CPU
	EndGlobalSection
	GlobalSection(SolutionProperties) = preSolution
		HideSolutionNode = FALSE
	EndGlobalSection
	GlobalSection(ExtensibilityGlobals) = postSolution
		SolutionGuid = {65D735AB-BF5B-4E6D-A01E-A872F74FFC20}
	EndGlobalSection
EndGlobal
